
Microsoft Visual Studio Solution File, Format Version 12.00
# Visual Studio Version 16
VisualStudioVersion = 16.0.29403.142
MinimumVisualStudioVersion = 10.0.40219.1
Project("{FAE04EC0-301F-11D3-BF4B-00C04F79EFBC}") = "ef_demo", "ef_demo\ef_demo.csproj", "{D821C08C-475F-4F13-A505-95405D50DA18}"
EndProject
Global
	GlobalSection(SolutionConfigurationPlatforms) = preSolution
		Debug|Any CPU = Debug|Any CPU
		Release|Any CPU = Release|Any CPU
	EndGlobalSection
	GlobalSection(ProjectConfigurationPlatforms) = postSolution
		{D821C08C-475F-4F13-A505-95405D50DA18}.Debug|Any CPU.ActiveCfg = Debug|Any CPU
		{D821C08C-475F-4F13-A505-95405D50DA18}.Debug|Any CPU.Build.0 = Debug|Any CPU
		{D821C08C-475F-4F13-A505-95405D50DA18}.Release|Any CPU.ActiveCfg = Release|Any CPU
		{D821C08C-475F-4F13-A505-95405D50DA18}.Release|Any CPU.Build.0 = Release|Any CPU
	EndGlobalSection
	GlobalSection(SolutionProperties) = preSolution
		HideSolutionNode = FALSE
	EndGlobalSection
	GlobalSection(ExtensibilityGlobals) = postSolution
		SolutionGuid = {3BAB4D89-3870-4EBA-8351-08AE5A6C7BDE}
	EndGlobalSection
EndGlobal
